// !$*UTF8*$!
{
	archiveVersion = 1;
	classes = {
	};
	objectVersion = 48;
	objects = {

/* Begin PBXBuildFile section */
		38641F5920DB8A2B00081279 /* AppDelegate.swift in Sources */ = {isa = PBXBuildFile; fileRef = 38641F5820DB8A2B00081279 /* AppDelegate.swift */; };
		38641F5B20DB8A2B00081279 /* ViewController.swift in Sources */ = {isa = PBXBuildFile; fileRef = 38641F5A20DB8A2B00081279 /* ViewController.swift */; };
		38641F5E20DB8A2B00081279 /* Main.storyboard in Resources */ = {isa = PBXBuildFile; fileRef = 38641F5C20DB8A2B00081279 /* Main.storyboard */; };
		38641F6020DB8A2C00081279 /* Assets.xcassets in Resources */ = {isa = PBXBuildFile; fileRef = 38641F5F20DB8A2C00081279 /* Assets.xcassets */; };
		38641F6320DB8A2C00081279 /* LaunchScreen.storyboard in Resources */ = {isa = PBXBuildFile; fileRef = 38641F6120DB8A2C00081279 /* LaunchScreen.storyboard */; };
		38641F6E20DB8A2C00081279 /* FlowerWebTests.swift in Sources */ = {isa = PBXBuildFile; fileRef = 38641F6D20DB8A2C00081279 /* FlowerWebTests.swift */; };
		38641F7920DB8A2F00081279 /* FlowerWebUITests.swift in Sources */ = {isa = PBXBuildFile; fileRef = 38641F7820DB8A2F00081279 /* FlowerWebUITests.swift */; };
/* End PBXBuildFile section */

/* Begin PBXContainerItemProxy section */
		38641F6A20DB8A2C00081279 /* PBXContainerItemProxy */ = {
			isa = PBXContainerItemProxy;
			containerPortal = 38641F4D20DB8A2A00081279 /* Project object */;
			proxyType = 1;
			remoteGlobalIDString = 38641F5420DB8A2B00081279;
			remoteInfo = FlowerWeb;
		};
		38641F7520DB8A2F00081279 /* PBXContainerItemProxy */ = {
			isa = PBXContainerItemProxy;
			containerPortal = 38641F4D20DB8A2A00081279 /* Project object */;
			proxyType = 1;
			remoteGlobalIDString = 38641F5420DB8A2B00081279;
			remoteInfo = FlowerWeb;
		};
/* End PBXContainerItemProxy section */

/* Begin PBXFileReference section */
		38641F5520DB8A2B00081279 /* FlowerWeb.app */ = {isa = PBXFileReference; explicitFileType = wrapper.application; includeInIndex = 0; path = FlowerWeb.app; sourceTree = BUILT_PRODUCTS_DIR; };
		38641F5820DB8A2B00081279 /* AppDelegate.swift */ = {isa = PBXFileReference; lastKnownFileType = sourcecode.swift; path = AppDelegate.swift; sourceTree = "<group>"; };
		38641F5A20DB8A2B00081279 /* ViewController.swift */ = {isa = PBXFileReference; lastKnownFileType = sourcecode.swift; path = ViewController.swift; sourceTree = "<group>"; };
		38641F5D20DB8A2B00081279 /* Base */ = {isa = PBXFileReference; lastKnownFileType = file.storyboard; name = Base; path = Base.lproj/Main.storyboard; sourceTree = "<group>"; };
		38641F5F20DB8A2C00081279 /* Assets.xcassets */ = {isa = PBXFileReference; lastKnownFileType = folder.assetcatalog; path = Assets.xcassets; sourceTree = "<group>"; };
		38641F6220DB8A2C00081279 /* Base */ = {isa = PBXFileReference; lastKnownFileType = file.storyboard; name = Base; path = Base.lproj/LaunchScreen.storyboard; sourceTree = "<group>"; };
		38641F6420DB8A2C00081279 /* Info.plist */ = {isa = PBXFileReference; lastKnownFileType = text.plist.xml; path = Info.plist; sourceTree = "<group>"; };
		38641F6920DB8A2C00081279 /* FlowerWebTests.xctest */ = {isa = PBXFileReference; explicitFileType = wrapper.cfbundle; includeInIndex = 0; path = FlowerWebTests.xctest; sourceTree = BUILT_PRODUCTS_DIR; };
		38641F6D20DB8A2C00081279 /* FlowerWebTests.swift */ = {isa = PBXFileReference; lastKnownFileType = sourcecode.swift; path = FlowerWebTests.swift; sourceTree = "<group>"; };
		38641F6F20DB8A2F00081279 /* Info.plist */ = {isa = PBXFileReference; lastKnownFileType = text.plist.xml; path = Info.plist; sourceTree = "<group>"; };
		38641F7420DB8A2F00081279 /* FlowerWebUITests.xctest */ = {isa = PBXFileReference; explicitFileType = wrapper.cfbundle; includeInIndex = 0; path = FlowerWebUITests.xctest; sourceTree = BUILT_PRODUCTS_DIR; };
		38641F7820DB8A2F00081279 /* FlowerWebUITests.swift */ = {isa = PBXFileReference; lastKnownFileType = sourcecode.swift; path = FlowerWebUITests.swift; sourceTree = "<group>"; };
		38641F7A20DB8A2F00081279 /* Info.plist */ = {isa = PBXFileReference; lastKnownFileType = text.plist.xml; path = Info.plist; sourceTree = "<group>"; };
/* End PBXFileReference section */

/* Begin PBXFrameworksBuildPhase section */
		38641F5220DB8A2B00081279 /* Frameworks */ = {
			isa = PBXFrameworksBuildPhase;
			buildActionMask = 2147483647;
			files = (
			);
			runOnlyForDeploymentPostprocessing = 0;
		};
		38641F6620DB8A2C00081279 /* Frameworks */ = {
			isa = PBXFrameworksBuildPhase;
			buildActionMask = 2147483647;
			files = (
			);
			runOnlyForDeploymentPostprocessing = 0;
		};
		38641F7120DB8A2F00081279 /* Frameworks */ = {
			isa = PBXFrameworksBuildPhase;
			buildActionMask = 2147483647;
			files = (
			);
			runOnlyForDeploymentPostprocessing = 0;
		};
/* End PBXFrameworksBuildPhase section */

/* Begin PBXGroup section */
		38641F4C20DB8A2A00081279 = {
			isa = PBXGroup;
			children = (
				38641F5720DB8A2B00081279 /* FlowerWeb */,
				38641F6C20DB8A2C00081279 /* FlowerWebTests */,
				38641F7720DB8A2F00081279 /* FlowerWebUITests */,
				38641F5620DB8A2B00081279 /* Products */,
			);
			sourceTree = "<group>";
		};
		38641F5620DB8A2B00081279 /* Products */ = {
			isa = PBXGroup;
			children = (
				38641F5520DB8A2B00081279 /* FlowerWeb.app */,
				38641F6920DB8A2C00081279 /* FlowerWebTests.xctest */,
				38641F7420DB8A2F00081279 /* FlowerWebUITests.xctest */,
			);
			name = Products;
			sourceTree = "<group>";
		};
		38641F5720DB8A2B00081279 /* FlowerWeb */ = {
			isa = PBXGroup;
			children = (
				38641F5820DB8A2B00081279 /* AppDelegate.swift */,
				38641F5A20DB8A2B00081279 /* ViewController.swift */,
				38641F5C20DB8A2B00081279 /* Main.storyboard */,
				38641F5F20DB8A2C00081279 /* Assets.xcassets */,
				38641F6120DB8A2C00081279 /* LaunchScreen.storyboard */,
				38641F6420DB8A2C00081279 /* Info.plist */,
			);
			path = FlowerWeb;
			sourceTree = "<group>";
		};
		38641F6C20DB8A2C00081279 /* FlowerWebTests */ = {
			isa = PBXGroup;
			children = (
				38641F6D20DB8A2C00081279 /* FlowerWebTests.swift */,
				38641F6F20DB8A2F00081279 /* Info.plist */,
			);
			path = FlowerWebTests;
			sourceTree = "<group>";
		};
		38641F7720DB8A2F00081279 /* FlowerWebUITests */ = {
			isa = PBXGroup;
			children = (
				38641F7820DB8A2F00081279 /* FlowerWebUITests.swift */,
				38641F7A20DB8A2F00081279 /* Info.plist */,
			);
			path = FlowerWebUITests;
			sourceTree = "<group>";
		};
/* End PBXGroup section */

/* Begin PBXNativeTarget section */
		38641F5420DB8A2B00081279 /* FlowerWeb */ = {
			isa = PBXNativeTarget;
			buildConfigurationList = 38641F7D20DB8A2F00081279 /* Build configuration list for PBXNativeTarget "FlowerWeb" */;
			buildPhases = (
				38641F5120DB8A2B00081279 /* Sources */,
				38641F5220DB8A2B00081279 /* Frameworks */,
				38641F5320DB8A2B00081279 /* Resources */,
			);
			buildRules = (
			);
			dependencies = (
			);
			name = FlowerWeb;
			productName = FlowerWeb;
			productReference = 38641F5520DB8A2B00081279 /* FlowerWeb.app */;
			productType = "com.apple.product-type.application";
		};
		38641F6820DB8A2C00081279 /* FlowerWebTests */ = {
			isa = PBXNativeTarget;
			buildConfigurationList = 38641F8020DB8A2F00081279 /* Build configuration list for PBXNativeTarget "FlowerWebTests" */;
			buildPhases = (
				38641F6520DB8A2C00081279 /* Sources */,
				38641F6620DB8A2C00081279 /* Frameworks */,
				38641F6720DB8A2C00081279 /* Resources */,
			);
			buildRules = (
			);
			dependencies = (
				38641F6B20DB8A2C00081279 /* PBXTargetDependency */,
			);
			name = FlowerWebTests;
			productName = FlowerWebTests;
			productReference = 38641F6920DB8A2C00081279 /* FlowerWebTests.xctest */;
			productType = "com.apple.product-type.bundle.unit-test";
		};
		38641F7320DB8A2F00081279 /* FlowerWebUITests */ = {
			isa = PBXNativeTarget;
			buildConfigurationList = 38641F8320DB8A2F00081279 /* Build configuration list for PBXNativeTarget "FlowerWebUITests" */;
			buildPhases = (
				38641F7020DB8A2F00081279 /* Sources */,
				38641F7120DB8A2F00081279 /* Frameworks */,
				38641F7220DB8A2F00081279 /* Resources */,
			);
			buildRules = (
			);
			dependencies = (
				38641F7620DB8A2F00081279 /* PBXTargetDependency */,
			);
			name = FlowerWebUITests;
			productName = FlowerWebUITests;
			productReference = 38641F7420DB8A2F00081279 /* FlowerWebUITests.xctest */;
			productType = "com.apple.product-type.bundle.ui-testing";
		};
/* End PBXNativeTarget section */

/* Begin PBXProject section */
		38641F4D20DB8A2A00081279 /* Project object */ = {
			isa = PBXProject;
			attributes = {
				LastSwiftUpdateCheck = 0910;
				LastUpgradeCheck = 0910;
				ORGANIZATIONNAME = "Alton Henley";
				TargetAttributes = {
					38641F5420DB8A2B00081279 = {
						CreatedOnToolsVersion = 9.1;
						ProvisioningStyle = Automatic;
					};
					38641F6820DB8A2C00081279 = {
						CreatedOnToolsVersion = 9.1;
						ProvisioningStyle = Automatic;
						TestTargetID = 38641F5420DB8A2B00081279;
					};
					38641F7320DB8A2F00081279 = {
						CreatedOnToolsVersion = 9.1;
						ProvisioningStyle = Automatic;
						TestTargetID = 38641F5420DB8A2B00081279;
					};
				};
			};
			buildConfigurationList = 38641F5020DB8A2A00081279 /* Build configuration list for PBXProject "FlowerWeb" */;
			compatibilityVersion = "Xcode 8.0";
			developmentRegion = en;
			hasScannedForEncodings = 0;
			knownRegions = (
				en,
				Base,
			);
			mainGroup = 38641F4C20DB8A2A00081279;
			productRefGroup = 38641F5620DB8A2B00081279 /* Products */;
			projectDirPath = "";
			projectRoot = "";
			targets = (
				38641F5420DB8A2B00081279 /* FlowerWeb */,
				38641F6820DB8A2C00081279 /* FlowerWebTests */,
				38641F7320DB8A2F00081279 /* FlowerWebUITests */,
			);
		};
/* End PBXProject section */

/* Begin PBXResourcesBuildPhase section */
		38641F5320DB8A2B00081279 /* Resources */ = {
			isa = PBXResourcesBuildPhase;
			buildActionMask = 2147483647;
			files = (
				38641F6320DB8A2C00081279 /* LaunchScreen.storyboard in Resources */,
				38641F6020DB8A2C00081279 /* Assets.xcassets in Resources */,
				38641F5E20DB8A2B00081279 /* Main.storyboard in Resources */,
			);
			runOnlyForDeploymentPostprocessing = 0;
		};
		38641F6720DB8A2C00081279 /* Resources */ = {
			isa = PBXResourcesBuildPhase;
			buildActionMask = 2147483647;
			files = (
			);
			runOnlyForDeploymentPostprocessing = 0;
		};
		38641F7220DB8A2F00081279 /* Resources */ = {
			isa = PBXResourcesBuildPhase;
			buildActionMask = 2147483647;
			files = (
			);
			runOnlyForDeploymentPostprocessing = 0;
		};
/* End PBXResourcesBuildPhase section */

/* Begin PBXSourcesBuildPhase section */
		38641F5120DB8A2B00081279 /* Sources */ = {
			isa = PBXSourcesBuildPhase;
			buildActionMask = 2147483647;
			files = (
				38641F5B20DB8A2B00081279 /* ViewController.swift in Sources */,
				38641F5920DB8A2B00081279 /* AppDelegate.swift in Sources */,
			);
			runOnlyForDeploymentPostprocessing = 0;
		};
		38641F6520DB8A2C00081279 /* Sources */ = {
			isa = PBXSourcesBuildPhase;
			buildActionMask = 2147483647;
			files = (
				38641F6E20DB8A2C00081279 /* FlowerWebTests.swift in Sources */,
			);
			runOnlyForDeploymentPostprocessing = 0;
		};
		38641F7020DB8A2F00081279 /* Sources */ = {
			isa = PBXSourcesBuildPhase;
			buildActionMask = 2147483647;
			files = (
				38641F7920DB8A2F00081279 /* FlowerWebUITests.swift in Sources */,
			);
			runOnlyForDeploymentPostprocessing = 0;
		};
/* End PBXSourcesBuildPhase section */

/* Begin PBXTargetDependency section */
		38641F6B20DB8A2C00081279 /* PBXTargetDependency */ = {
			isa = PBXTargetDependency;
			target = 38641F5420DB8A2B00081279 /* FlowerWeb */;
			targetProxy = 38641F6A20DB8A2C00081279 /* PBXContainerItemProxy */;
		};
		38641F7620DB8A2F00081279 /* PBXTargetDependency */ = {
			isa = PBXTargetDependency;
			target = 38641F5420DB8A2B00081279 /* FlowerWeb */;
			targetProxy = 38641F7520DB8A2F00081279 /* PBXContainerItemProxy */;
		};
/* End PBXTargetDependency section */

/* Begin PBXVariantGroup section */
		38641F5C20DB8A2B00081279 /* Main.storyboard */ = {
			isa = PBXVariantGroup;
			children = (
				38641F5D20DB8A2B00081279 /* Base */,
			);
			name = Main.storyboard;
			sourceTree = "<group>";
		};
		38641F6120DB8A2C00081279 /* LaunchScreen.storyboard */ = {
			isa = PBXVariantGroup;
			children = (
				38641F6220DB8A2C00081279 /* Base */,
			);
			name = LaunchScreen.storyboard;
			sourceTree = "<group>";
		};
/* End PBXVariantGroup section */

/* Begin XCBuildConfiguration section */
		38641F7B20DB8A2F00081279 /* Debug */ = {
			isa = XCBuildConfiguration;
			buildSettings = {
				ALWAYS_SEARCH_USER_PATHS = NO;
				CLANG_ANALYZER_NONNULL = YES;
				CLANG_ANALYZER_NUMBER_OBJECT_CONVERSION = YES_AGGRESSIVE;
				CLANG_CXX_LANGUAGE_STANDARD = "gnu++14";
				CLANG_CXX_LIBRARY = "libc++";
				CLANG_ENABLE_MODULES = YES;
				CLANG_ENABLE_OBJC_ARC = YES;
				CLANG_WARN_BLOCK_CAPTURE_AUTORELEASING = YES;
				CLANG_WARN_BOOL_CONVERSION = YES;
				CLANG_WARN_COMMA = YES;
				CLANG_WARN_CONSTANT_CONVERSION = YES;
				CLANG_WARN_DIRECT_OBJC_ISA_USAGE = YES_ERROR;
				CLANG_WARN_DOCUMENTATION_COMMENTS = YES;
				CLANG_WARN_EMPTY_BODY = YES;
				CLANG_WARN_ENUM_CONVERSION = YES;
				CLANG_WARN_INFINITE_RECURSION = YES;
				CLANG_WARN_INT_CONVERSION = YES;
				CLANG_WARN_NON_LITERAL_NULL_CONVERSION = YES;
				CLANG_WARN_OBJC_LITERAL_CONVERSION = YES;
				CLANG_WARN_OBJC_ROOT_CLASS = YES_ERROR;
				CLANG_WARN_RANGE_LOOP_ANALYSIS = YES;
				CLANG_WARN_STRICT_PROTOTYPES = YES;
				CLANG_WARN_SUSPICIOUS_MOVE = YES;
				CLANG_WARN_UNGUARDED_AVAILABILITY = YES_AGGRESSIVE;
				CLANG_WARN_UNREACHABLE_CODE = YES;
				CLANG_WARN__DUPLICATE_METHOD_MATCH = YES;
				CODE_SIGN_IDENTITY = "iPhone Developer";
				COPY_PHASE_STRIP = NO;
				DEBUG_INFORMATION_FORMAT = dwarf;
				ENABLE_STRICT_OBJC_MSGSEND = YES;
				ENABLE_TESTABILITY = YES;
				GCC_C_LANGUAGE_STANDARD = gnu11;
				GCC_DYNAMIC_NO_PIC = NO;
				GCC_NO_COMMON_BLOCKS = YES;
				GCC_OPTIMIZATION_LEVEL = 0;
				GCC_PREPROCESSOR_DEFINITIONS = (
					"DEBUG=1",
					"$(inherited)",
				);
				GCC_WARN_64_TO_32_BIT_CONVERSION = YES;
				GCC_WARN_ABOUT_RETURN_TYPE = YES_ERROR;
				GCC_WARN_UNDECLARED_SELECTOR = YES;
				GCC_WARN_UNINITIALIZED_AUTOS = YES_AGGRESSIVE;
				GCC_WARN_UNUSED_FUNCTION = YES;
				GCC_WARN_UNUSED_VARIABLE = YES;
				IPHONEOS_DEPLOYMENT_TARGET = 11.1;
				MTL_ENABLE_DEBUG_INFO = YES;
				ONLY_ACTIVE_ARCH = YES;
				SDKROOT = iphoneos;
				SWIFT_ACTIVE_COMPILATION_CONDITIONS = DEBUG;
				SWIFT_OPTIMIZATION_LEVEL = "-Onone";
			};
			name = Debug;
		};
		38641F7C20DB8A2F00081279 /* Release */ = {
			isa = XCBuildConfiguration;
			buildSettings = {
				ALWAYS_SEARCH_USER_PATHS = NO;
				CLANG_ANALYZER_NONNULL = YES;
				CLANG_ANALYZER_NUMBER_OBJECT_CONVERSION = YES_AGGRESSIVE;
				CLANG_CXX_LANGUAGE_STANDARD = "gnu++14";
				CLANG_CXX_LIBRARY = "libc++";
				CLANG_ENABLE_MODULES = YES;
				CLANG_ENABLE_OBJC_ARC = YES;
				CLANG_WARN_BLOCK_CAPTURE_AUTORELEASING = YES;
				CLANG_WARN_BOOL_CONVERSION = YES;
				CLANG_WARN_COMMA = YES;
				CLANG_WARN_CONSTANT_CONVERSION = YES;
				CLANG_WARN_DIRECT_OBJC_ISA_USAGE = YES_ERROR;
				CLANG_WARN_DOCUMENTATION_COMMENTS = YES;
				CLANG_WARN_EMPTY_BODY = YES;
				CLANG_WARN_ENUM_CONVERSION = YES;
				CLANG_WARN_INFINITE_RECURSION = YES;
				CLANG_WARN_INT_CONVERSION = YES;
				CLANG_WARN_NON_LITERAL_NULL_CONVERSION = YES;
				CLANG_WARN_OBJC_LITERAL_CONVERSION = YES;
				CLANG_WARN_OBJC_ROOT_CLASS = YES_ERROR;
				CLANG_WARN_RANGE_LOOP_ANALYSIS = YES;
				CLANG_WARN_STRICT_PROTOTYPES = YES;
				CLANG_WARN_SUSPICIOUS_MOVE = YES;
				CLANG_WARN_UNGUARDED_AVAILABILITY = YES_AGGRESSIVE;
				CLANG_WARN_UNREACHABLE_CODE = YES;
				CLANG_WARN__DUPLICATE_METHOD_MATCH = YES;
				CODE_SIGN_IDENTITY = "iPhone Developer";
				COPY_PHASE_STRIP = NO;
				DEBUG_INFORMATION_FORMAT = "dwarf-with-dsym";
				ENABLE_NS_ASSERTIONS = NO;
				ENABLE_STRICT_OBJC_MSGSEND = YES;
				GCC_C_LANGUAGE_STANDARD = gnu11;
				GCC_NO_COMMON_BLOCKS = YES;
				GCC_WARN_64_TO_32_BIT_CONVERSION = YES;
				GCC_WARN_ABOUT_RETURN_TYPE = YES_ERROR;
				GCC_WARN_UNDECLARED_SELECTOR = YES;
				GCC_WARN_UNINITIALIZED_AUTOS = YES_AGGRESSIVE;
				GCC_WARN_UNUSED_FUNCTION = YES;
				GCC_WARN_UNUSED_VARIABLE = YES;
				IPHONEOS_DEPLOYMENT_TARGET = 11.1;
				MTL_ENABLE_DEBUG_INFO = NO;
				SDKROOT = iphoneos;
				SWIFT_OPTIMIZATION_LEVEL = "-Owholemodule";
				VALIDATE_PRODUCT = YES;
			};
			name = Release;
		};
		38641F7E20DB8A2F00081279 /* Debug */ = {
			isa = XCBuildConfiguration;
			buildSettings = {
				ASSETCATALOG_COMPILER_APPICON_NAME = AppIcon;
				CODE_SIGN_STYLE = Automatic;
				INFOPLIST_FILE = FlowerWeb/Info.plist;
				LD_RUNPATH_SEARCH_PATHS = "$(inherited) @executable_path/Frameworks";
				PRODUCT_BUNDLE_IDENTIFIER = org.byaj.FlowerWeb;
				PRODUCT_NAME = "$(TARGET_NAME)";
				SWIFT_VERSION = 4.0;
				TARGETED_DEVICE_FAMILY = "1,2";
			};
			name = Debug;
		};
		38641F7F20DB8A2F00081279 /* Release */ = {
			isa = XCBuildConfiguration;
			buildSettings = {
				ASSETCATALOG_COMPILER_APPICON_NAME = AppIcon;
				CODE_SIGN_STYLE = Automatic;
				INFOPLIST_FILE = FlowerWeb/Info.plist;
				LD_RUNPATH_SEARCH_PATHS = "$(inherited) @executable_path/Frameworks";
				PRODUCT_BUNDLE_IDENTIFIER = org.byaj.FlowerWeb;
				PRODUCT_NAME = "$(TARGET_NAME)";
				SWIFT_VERSION = 4.0;
				TARGETED_DEVICE_FAMILY = "1,2";
			};
			name = Release;
		};
		38641F8120DB8A2F00081279 /* Debug */ = {
			isa = XCBuildConfiguration;
			buildSettings = {
				ALWAYS_EMBED_SWIFT_STANDARD_LIBRARIES = YES;
				BUNDLE_LOADER = "$(TEST_HOST)";
				CODE_SIGN_STYLE = Automatic;
				INFOPLIST_FILE = FlowerWebTests/Info.plist;
				LD_RUNPATH_SEARCH_PATHS = "$(inherited) @executable_path/Frameworks @loader_path/Frameworks";
				PRODUCT_BUNDLE_IDENTIFIER = org.byaj.FlowerWebTests;
				PRODUCT_NAME = "$(TARGET_NAME)";
				SWIFT_VERSION = 4.0;
				TARGETED_DEVICE_FAMILY = "1,2";
				TEST_HOST = "$(BUILT_PRODUCTS_DIR)/FlowerWeb.app/FlowerWeb";
			};
			name = Debug;
		};
		38641F8220DB8A2F00081279 /* Release */ = {
			isa = XCBuildConfiguration;
			buildSettings = {
				ALWAYS_EMBED_SWIFT_STANDARD_LIBRARIES = YES;
				BUNDLE_LOADER = "$(TEST_HOST)";
				CODE_SIGN_STYLE = Automatic;
				INFOPLIST_FILE = FlowerWebTests/Info.plist;
				LD_RUNPATH_SEARCH_PATHS = "$(inherited) @executable_path/Frameworks @loader_path/Frameworks";
				PRODUCT_BUNDLE_IDENTIFIER = org.byaj.FlowerWebTests;
				PRODUCT_NAME = "$(TARGET_NAME)";
				SWIFT_VERSION = 4.0;
				TARGETED_DEVICE_FAMILY = "1,2";
				TEST_HOST = "$(BUILT_PRODUCTS_DIR)/FlowerWeb.app/FlowerWeb";
			};
			name = Release;
		};
		38641F8420DB8A2F00081279 /* Debug */ = {
			isa = XCBuildConfiguration;
			buildSettings = {
				ALWAYS_EMBED_SWIFT_STANDARD_LIBRARIES = YES;
				CODE_SIGN_STYLE = Automatic;
				INFOPLIST_FILE = FlowerWebUITests/Info.plist;
				LD_RUNPATH_SEARCH_PATHS = "$(inherited) @executable_path/Frameworks @loader_path/Frameworks";
				PRODUCT_BUNDLE_IDENTIFIER = org.byaj.FlowerWebUITests;
				PRODUCT_NAME = "$(TARGET_NAME)";
				SWIFT_VERSION = 4.0;
				TARGETED_DEVICE_FAMILY = "1,2";
				TEST_TARGET_NAME = FlowerWeb;
			};
			name = Debug;
		};
		38641F8520DB8A2F00081279 /* Release */ = {
			isa = XCBuildConfiguration;
			buildSettings = {
				ALWAYS_EMBED_SWIFT_STANDARD_LIBRARIES = YES;
				CODE_SIGN_STYLE = Automatic;
				INFOPLIST_FILE = FlowerWebUITests/Info.plist;
				LD_RUNPATH_SEARCH_PATHS = "$(inherited) @executable_path/Frameworks @loader_path/Frameworks";
				PRODUCT_BUNDLE_IDENTIFIER = org.byaj.FlowerWebUITests;
				PRODUCT_NAME = "$(TARGET_NAME)";
				SWIFT_VERSION = 4.0;
				TARGETED_DEVICE_FAMILY = "1,2";
				TEST_TARGET_NAME = FlowerWeb;
			};
			name = Release;
		};
/* End XCBuildConfiguration section */

/* Begin XCConfigurationList section */
		38641F5020DB8A2A00081279 /* Build configuration list for PBXProject "FlowerWeb" */ = {
			isa = XCConfigurationList;
			buildConfigurations = (
				38641F7B20DB8A2F00081279 /* Debug */,
				38641F7C20DB8A2F00081279 /* Release */,
			);
			defaultConfigurationIsVisible = 0;
			defaultConfigurationName = Release;
		};
		38641F7D20DB8A2F00081279 /* Build configuration list for PBXNativeTarget "FlowerWeb" */ = {
			isa = XCConfigurationList;
			buildConfigurations = (
				38641F7E20DB8A2F00081279 /* Debug */,
				38641F7F20DB8A2F00081279 /* Release */,
			);
			defaultConfigurationIsVisible = 0;
			defaultConfigurationName = Release;
		};
		38641F8020DB8A2F00081279 /* Build configuration list for PBXNativeTarget "FlowerWebTests" */ = {
			isa = XCConfigurationList;
			buildConfigurations = (
				38641F8120DB8A2F00081279 /* Debug */,
				38641F8220DB8A2F00081279 /* Release */,
			);
			defaultConfigurationIsVisible = 0;
			defaultConfigurationName = Release;
		};
		38641F8320DB8A2F00081279 /* Build configuration list for PBXNativeTarget "FlowerWebUITests" */ = {
			isa = XCConfigurationList;
			buildConfigurations = (
				38641F8420DB8A2F00081279 /* Debug */,
				38641F8520DB8A2F00081279 /* Release */,
			);
			defaultConfigurationIsVisible = 0;
			defaultConfigurationName = Release;
		};
/* End XCConfigurationList section */
	};
	rootObject = 38641F4D20DB8A2A00081279 /* Project object */;
}
